
Microsoft Visual Studio Solution File, Format Version 12.00
# Visual Studio Version 16
VisualStudioVersion = 16.0.31313.79
MinimumVisualStudioVersion = 10.0.40219.1
Project("{FAE04EC0-301F-11D3-BF4B-00C04F79EFBC}") = "AccessModifiers", "AccessModifiers.csproj", "{A2630D6D-CDCE-4CD1-B35F-4023A2FDFB44}"
EndProject
Project("{FAE04EC0-301F-11D3-BF4B-00C04F79EFBC}") = "DiscountPolicies", "..\DiscountPolicies\DiscountPolicies.csproj", "{CA799255-52DD-41FF-AA96-2CB35AC2512A}"
EndProject
Global
	GlobalSection(SolutionConfigurationPlatforms) = preSolution
		Debug|Any CPU = Debug|Any CPU
		Release|Any CPU = Release|Any CPU
	EndGlobalSection
	GlobalSection(ProjectConfigurationPlatforms) = postSolution
		{A2630D6D-CDCE-4CD1-B35F-4023A2FDFB44}.Debug|Any CPU.ActiveCfg = Debug|Any CPU
		{A2630D6D-CDCE-4CD1-B35F-4023A2FDFB44}.Debug|Any CPU.Build.0 = Debug|Any CPU
		{A2630D6D-CDCE-4CD1-B35F-4023A2FDFB44}.Release|Any CPU.ActiveCfg = Release|Any CPU
		{A2630D6D-CDCE-4CD1-B35F-4023A2FDFB44}.Release|Any CPU.Build.0 = Release|Any CPU
		{CA799255-52DD-41FF-AA96-2CB35AC2512A}.Debug|Any CPU.ActiveCfg = Debug|Any CPU
		{CA799255-52DD-41FF-AA96-2CB35AC2512A}.Debug|Any CPU.Build.0 = Debug|Any CPU
		{CA799255-52DD-41FF-AA96-2CB35AC2512A}.Release|Any CPU.ActiveCfg = Release|Any CPU
		{CA799255-52DD-41FF-AA96-2CB35AC2512A}.Release|Any CPU.Build.0 = Release|Any CPU
	EndGlobalSection
	GlobalSection(SolutionProperties) = preSolution
		HideSolutionNode = FALSE
	EndGlobalSection
	GlobalSection(ExtensibilityGlobals) = postSolution
		SolutionGuid = {E0519CF8-A7DB-4A57-A4D7-095F10645BC4}
	EndGlobalSection
EndGlobal
